// !$*UTF8*$!
{
	archiveVersion = 1;
	classes = {
	};
	objectVersion = 77;
	objects = {

/* Begin PBXBuildFile section */
		0713BFC51D63A2F7C8052DA0 /* Assets.xcassets in Resources */ = {isa = PBXBuildFile; fileRef = E61BB30B6D5F6659D7B1E5BA /* Assets.xcassets */; };
		2471318D89FD20668279AFE2 /* Models.swift in Sources */ = {isa = PBXBuildFile; fileRef = FD0511EC92BD940B7DB9BA86 /* Models.swift */; };
		3814A0C1B41F997E95728187 /* AdminAPI.swift in Sources */ = {isa = PBXBuildFile; fileRef = 307FADA93673556BF4676A11 /* AdminAPI.swift */; };
		8A596F399DAF3F9DF7E21ED6 /* ContentView.swift in Sources */ = {isa = PBXBuildFile; fileRef = 612EF93747D07F962D3765D1 /* ContentView.swift */; };
		A4234819172F1CD67590BF54 /* BPWaterHeatersAdminApp.swift in Sources */ = {isa = PBXBuildFile; fileRef = 0A97CB70A4DD4C8B77AA374F /* BPWaterHeatersAdminApp.swift */; };
/* End PBXBuildFile section */

/* Begin PBXFileReference section */
		0A97CB70A4DD4C8B77AA374F /* BPWaterHeatersAdminApp.swift */ = {isa = PBXFileReference; lastKnownFileType = sourcecode.swift; path = BPWaterHeatersAdminApp.swift; sourceTree = "<group>"; };
		307FADA93673556BF4676A11 /* AdminAPI.swift */ = {isa = PBXFileReference; lastKnownFileType = sourcecode.swift; path = AdminAPI.swift; sourceTree = "<group>"; };
		612EF93747D07F962D3765D1 /* ContentView.swift */ = {isa = PBXFileReference; lastKnownFileType = sourcecode.swift; path = ContentView.swift; sourceTree = "<group>"; };
		7510915C532AFAD47533D851 /* Info.plist */ = {isa = PBXFileReference; lastKnownFileType = text.plist; path = Info.plist; sourceTree = "<group>"; };
		CD0D528A7E76EBF5C1392037 /* BPWaterHeatersAdmin.app */ = {isa = PBXFileReference; includeInIndex = 0; lastKnownFileType = wrapper.application; path = BPWaterHeatersAdmin.app; sourceTree = BUILT_PRODUCTS_DIR; };
		E61BB30B6D5F6659D7B1E5BA /* Assets.xcassets */ = {isa = PBXFileReference; lastKnownFileType = folder.assetcatalog; path = Assets.xcassets; sourceTree = "<group>"; };
		FD0511EC92BD940B7DB9BA86 /* Models.swift */ = {isa = PBXFileReference; lastKnownFileType = sourcecode.swift; path = Models.swift; sourceTree = "<group>"; };
/* End PBXFileReference section */

/* Begin PBXGroup section */
		6722B51B8440879A9BB22D7E = {
			isa = PBXGroup;
			children = (
				F0B701969FAB8F498353D064 /* Sources */,
				C9394C3B1B12FDD1DD7CDFB6 /* Products */,
			);
			sourceTree = "<group>";
		};
		C9394C3B1B12FDD1DD7CDFB6 /* Products */ = {
			isa = PBXGroup;
			children = (
				CD0D528A7E76EBF5C1392037 /* BPWaterHeatersAdmin.app */,
			);
			name = Products;
			sourceTree = "<group>";
		};
		F0B701969FAB8F498353D064 /* Sources */ = {
			isa = PBXGroup;
			children = (
				307FADA93673556BF4676A11 /* AdminAPI.swift */,
				0A97CB70A4DD4C8B77AA374F /* BPWaterHeatersAdminApp.swift */,
				E61BB30B6D5F6659D7B1E5BA /* Assets.xcassets */,
				612EF93747D07F962D3765D1 /* ContentView.swift */,
				7510915C532AFAD47533D851 /* Info.plist */,
				FD0511EC92BD940B7DB9BA86 /* Models.swift */,
			);
			path = Sources;
			sourceTree = "<group>";
		};
/* End PBXGroup section */

/* Begin PBXNativeTarget section */
		5427CCDCFA29F02A28EC9F01 /* BPWaterHeatersAdmin */ = {
			isa = PBXNativeTarget;
			buildConfigurationList = E92EFE2225FF10BA4EBB460B /* Build configuration list for PBXNativeTarget "BPWaterHeatersAdmin" */;
			buildPhases = (
				C2D57E5405FEF85F177CD37B /* Sources */,
				B3FD0F23D750E7C3CB22742E /* Resources */,
			);
			buildRules = (
			);
			dependencies = (
			);
			name = BPWaterHeatersAdmin;
			packageProductDependencies = (
			);
			productName = BPWaterHeatersAdmin;
			productReference = CD0D528A7E76EBF5C1392037 /* BPWaterHeatersAdmin.app */;
			productType = "com.apple.product-type.application";
		};
/* End PBXNativeTarget section */

/* Begin PBXProject section */
		686E958A92713DA235F01475 /* Project object */ = {
			isa = PBXProject;
			attributes = {
				BuildIndependentTargetsInParallel = YES;
				LastUpgradeCheck = 1430;
				TargetAttributes = {
					5427CCDCFA29F02A28EC9F01 = {
						DevelopmentTeam = ABZGHENU5Z;
					};
				};
			};
			buildConfigurationList = 24B6D7924C002405D4382731 /* Build configuration list for PBXProject "BPWaterHeatersAdmin" */;
			developmentRegion = en;
			hasScannedForEncodings = 0;
			knownRegions = (
				Base,
				en,
			);
			mainGroup = 6722B51B8440879A9BB22D7E;
			minimizedProjectReferenceProxies = 1;
			preferredProjectObjectVersion = 77;
			productRefGroup = C9394C3B1B12FDD1DD7CDFB6 /* Products */;
			projectDirPath = "";
			projectRoot = "";
			targets = (
				5427CCDCFA29F02A28EC9F01 /* BPWaterHeatersAdmin */,
			);
		};
/* End PBXProject section */

/* Begin PBXResourcesBuildPhase section */
		B3FD0F23D750E7C3CB22742E /* Resources */ = {
			isa = PBXResourcesBuildPhase;
			buildActionMask = 2147483647;
			files = (
				0713BFC51D63A2F7C8052DA0 /* Assets.xcassets in Resources */,
			);
			runOnlyForDeploymentPostprocessing = 0;
		};
/* End PBXResourcesBuildPhase section */

/* Begin PBXSourcesBuildPhase section */
		C2D57E5405FEF85F177CD37B /* Sources */ = {
			isa = PBXSourcesBuildPhase;
			buildActionMask = 2147483647;
			files = (
				3814A0C1B41F997E95728187 /* AdminAPI.swift in Sources */,
				A4234819172F1CD67590BF54 /* BPWaterHeatersAdminApp.swift in Sources */,
				8A596F399DAF3F9DF7E21ED6 /* ContentView.swift in Sources */,
				2471318D89FD20668279AFE2 /* Models.swift in Sources */,
			);
			runOnlyForDeploymentPostprocessing = 0;
		};
/* End PBXSourcesBuildPhase section */

/* Begin XCBuildConfiguration section */
		5C386F5E964008050471FBA9 /* Debug */ = {
			isa = XCBuildConfiguration;
			buildSettings = {
				ALWAYS_SEARCH_USER_PATHS = NO;
				CLANG_ANALYZER_NONNULL = YES;
				CLANG_ANALYZER_NUMBER_OBJECT_CONVERSION = YES_AGGRESSIVE;
				CLANG_CXX_LANGUAGE_STANDARD = "gnu++14";
				CLANG_CXX_LIBRARY = "libc++";
				CLANG_ENABLE_MODULES = YES;
				CLANG_ENABLE_OBJC_ARC = YES;
				CLANG_ENABLE_OBJC_WEAK = YES;
				CLANG_WARN_BLOCK_CAPTURE_AUTORELEASING = YES;
				CLANG_WARN_BOOL_CONVERSION = YES;
				CLANG_WARN_COMMA = YES;
				CLANG_WARN_CONSTANT_CONVERSION = YES;
				CLANG_WARN_DEPRECATED_OBJC_IMPLEMENTATIONS = YES;
				CLANG_WARN_DIRECT_OBJC_ISA_USAGE = YES_ERROR;
				CLANG_WARN_DOCUMENTATION_COMMENTS = YES;
				CLANG_WARN_EMPTY_BODY = YES;
				CLANG_WARN_ENUM_CONVERSION = YES;
				CLANG_WARN_INFINITE_RECURSION = YES;
				CLANG_WARN_INT_CONVERSION = YES;
				CLANG_WARN_NON_LITERAL_NULL_CONVERSION = YES;
				CLANG_WARN_OBJC_IMPLICIT_RETAIN_SELF = YES;
				CLANG_WARN_OBJC_LITERAL_CONVERSION = YES;
				CLANG_WARN_OBJC_ROOT_CLASS = YES_ERROR;
				CLANG_WARN_QUOTED_INCLUDE_IN_FRAMEWORK_HEADER = YES;
				CLANG_WARN_RANGE_LOOP_ANALYSIS = YES;
				CLANG_WARN_STRICT_PROTOTYPES = YES;
				CLANG_WARN_SUSPICIOUS_MOVE = YES;
				CLANG_WARN_UNGUARDED_AVAILABILITY = YES_AGGRESSIVE;
				CLANG_WARN_UNREACHABLE_CODE = YES;
				CLANG_WARN__DUPLICATE_METHOD_MATCH = YES;
				COPY_PHASE_STRIP = NO;
				CODE_SIGN_STYLE = Automatic;
				CURRENT_PROJECT_VERSION = 2;
				DEBUG_INFORMATION_FORMAT = dwarf;
				DEVELOPMENT_TEAM = ABZGHENU5Z;
				ENABLE_STRICT_OBJC_MSGSEND = YES;
				ENABLE_TESTABILITY = YES;
				GCC_C_LANGUAGE_STANDARD = gnu11;
				GCC_DYNAMIC_NO_PIC = NO;
				GCC_NO_COMMON_BLOCKS = YES;
				GCC_OPTIMIZATION_LEVEL = 0;
				GCC_PREPROCESSOR_DEFINITIONS = (
					"$(inherited)",
					"DEBUG=1",
				);
				GCC_WARN_64_TO_32_BIT_CONVERSION = YES;
				GCC_WARN_ABOUT_RETURN_TYPE = YES_ERROR;
				GCC_WARN_UNDECLARED_SELECTOR = YES;
				GCC_WARN_UNINITIALIZED_AUTOS = YES_AGGRESSIVE;
				GCC_WARN_UNUSED_FUNCTION = YES;
				GCC_WARN_UNUSED_VARIABLE = YES;
				IPHONEOS_DEPLOYMENT_TARGET = 17.0;
				MARKETING_VERSION = 0.1.0;
				MTL_ENABLE_DEBUG_INFO = INCLUDE_SOURCE;
				MTL_FAST_MATH = YES;
				ONLY_ACTIVE_ARCH = YES;
				PRODUCT_NAME = "$(TARGET_NAME)";
				SDKROOT = iphoneos;
				SWIFT_ACTIVE_COMPILATION_CONDITIONS = DEBUG;
				SWIFT_OPTIMIZATION_LEVEL = "-Onone";
				SWIFT_VERSION = 5.0;
			};
			name = Debug;
		};
		A139B8B044095C3F67C2BE69 /* Release */ = {
			isa = XCBuildConfiguration;
			buildSettings = {
				ASSETCATALOG_COMPILER_APPICON_NAME = AppIcon;
				CODE_SIGN_STYLE = Automatic;
				CODE_SIGN_IDENTITY = "iPhone Developer";
				DEVELOPMENT_TEAM = ABZGHENU5Z;
				INFOPLIST_FILE = Sources/Info.plist;
				LD_RUNPATH_SEARCH_PATHS = (
					"$(inherited)",
					"@executable_path/Frameworks",
				);
				PRODUCT_BUNDLE_IDENTIFIER = com.blueberg.bpwaterheaters.admin;
				SDKROOT = iphoneos;
				TARGETED_DEVICE_FAMILY = 1;
			};
			name = Release;
		};
		B9F2343CA073CE797370640C /* Debug */ = {
			isa = XCBuildConfiguration;
			buildSettings = {
				ASSETCATALOG_COMPILER_APPICON_NAME = AppIcon;
				CODE_SIGN_STYLE = Automatic;
				CODE_SIGN_IDENTITY = "iPhone Developer";
				DEVELOPMENT_TEAM = ABZGHENU5Z;
				INFOPLIST_FILE = Sources/Info.plist;
				LD_RUNPATH_SEARCH_PATHS = (
					"$(inherited)",
					"@executable_path/Frameworks",
				);
				PRODUCT_BUNDLE_IDENTIFIER = com.blueberg.bpwaterheaters.admin;
				SDKROOT = iphoneos;
				TARGETED_DEVICE_FAMILY = 1;
			};
			name = Debug;
		};
		CFD7B215163A44B214670B26 /* Release */ = {
			isa = XCBuildConfiguration;
			buildSettings = {
				ALWAYS_SEARCH_USER_PATHS = NO;
				CLANG_ANALYZER_NONNULL = YES;
				CLANG_ANALYZER_NUMBER_OBJECT_CONVERSION = YES_AGGRESSIVE;
				CLANG_CXX_LANGUAGE_STANDARD = "gnu++14";
				CLANG_CXX_LIBRARY = "libc++";
				CLANG_ENABLE_MODULES = YES;
				CLANG_ENABLE_OBJC_ARC = YES;
				CLANG_ENABLE_OBJC_WEAK = YES;
				CLANG_WARN_BLOCK_CAPTURE_AUTORELEASING = YES;
				CLANG_WARN_BOOL_CONVERSION = YES;
				CLANG_WARN_COMMA = YES;
				CLANG_WARN_CONSTANT_CONVERSION = YES;
				CLANG_WARN_DEPRECATED_OBJC_IMPLEMENTATIONS = YES;
				CLANG_WARN_DIRECT_OBJC_ISA_USAGE = YES_ERROR;
				CLANG_WARN_DOCUMENTATION_COMMENTS = YES;
				CLANG_WARN_EMPTY_BODY = YES;
				CLANG_WARN_ENUM_CONVERSION = YES;
				CLANG_WARN_INFINITE_RECURSION = YES;
				CLANG_WARN_INT_CONVERSION = YES;
				CLANG_WARN_NON_LITERAL_NULL_CONVERSION = YES;
				CLANG_WARN_OBJC_IMPLICIT_RETAIN_SELF = YES;
				CLANG_WARN_OBJC_LITERAL_CONVERSION = YES;
				CLANG_WARN_OBJC_ROOT_CLASS = YES_ERROR;
				CLANG_WARN_QUOTED_INCLUDE_IN_FRAMEWORK_HEADER = YES;
				CLANG_WARN_RANGE_LOOP_ANALYSIS = YES;
				CLANG_WARN_STRICT_PROTOTYPES = YES;
				CLANG_WARN_SUSPICIOUS_MOVE = YES;
				CLANG_WARN_UNGUARDED_AVAILABILITY = YES_AGGRESSIVE;
				CLANG_WARN_UNREACHABLE_CODE = YES;
				CLANG_WARN__DUPLICATE_METHOD_MATCH = YES;
				COPY_PHASE_STRIP = NO;
				CODE_SIGN_STYLE = Automatic;
				CURRENT_PROJECT_VERSION = 2;
				DEBUG_INFORMATION_FORMAT = "dwarf-with-dsym";
				DEVELOPMENT_TEAM = ABZGHENU5Z;
				ENABLE_NS_ASSERTIONS = NO;
				ENABLE_STRICT_OBJC_MSGSEND = YES;
				GCC_C_LANGUAGE_STANDARD = gnu11;
				GCC_NO_COMMON_BLOCKS = YES;
				GCC_WARN_64_TO_32_BIT_CONVERSION = YES;
				GCC_WARN_ABOUT_RETURN_TYPE = YES_ERROR;
				GCC_WARN_UNDECLARED_SELECTOR = YES;
				GCC_WARN_UNINITIALIZED_AUTOS = YES_AGGRESSIVE;
				GCC_WARN_UNUSED_FUNCTION = YES;
				GCC_WARN_UNUSED_VARIABLE = YES;
				IPHONEOS_DEPLOYMENT_TARGET = 17.0;
				MARKETING_VERSION = 0.1.0;
				MTL_ENABLE_DEBUG_INFO = NO;
				MTL_FAST_MATH = YES;
				PRODUCT_NAME = "$(TARGET_NAME)";
				SDKROOT = iphoneos;
				SWIFT_COMPILATION_MODE = wholemodule;
				SWIFT_OPTIMIZATION_LEVEL = "-O";
				SWIFT_VERSION = 5.0;
			};
			name = Release;
		};
/* End XCBuildConfiguration section */

/* Begin XCConfigurationList section */
		24B6D7924C002405D4382731 /* Build configuration list for PBXProject "BPWaterHeatersAdmin" */ = {
			isa = XCConfigurationList;
			buildConfigurations = (
				5C386F5E964008050471FBA9 /* Debug */,
				CFD7B215163A44B214670B26 /* Release */,
			);
			defaultConfigurationIsVisible = 0;
			defaultConfigurationName = Debug;
		};
		E92EFE2225FF10BA4EBB460B /* Build configuration list for PBXNativeTarget "BPWaterHeatersAdmin" */ = {
			isa = XCConfigurationList;
			buildConfigurations = (
				B9F2343CA073CE797370640C /* Debug */,
				A139B8B044095C3F67C2BE69 /* Release */,
			);
			defaultConfigurationIsVisible = 0;
			defaultConfigurationName = Debug;
		};
/* End XCConfigurationList section */
	};
	rootObject = 686E958A92713DA235F01475 /* Project object */;
}
